github.com/golang/glog v1.0.0 h1:nfP3RFugxnNRyKgeWd4oI1nYvXpxrx8ck8ZrcizshdQ=
github.com/golang/glog v1.0.0/go.mod h1:EWib/APOK0SL3dFbYqvxE3UYd8E6s1ouQ7iEp/0LWV4=
github.com/golang/glog v1.2.3 h1:oDTdz9f5VGVVNGu/Q7UXKWYsD0873HXLHdJUNBsSEKM=
github.com/golang/glog v1.2.3/go.mod h1:6AhwSGph0fcJtXVM/PEHPqZlFeoLxhs7/t5UDAwmO+w=
github.com/golang/glog v1.2.4 h1:CNNw5U8lSiiBk7druxtSHHTsRWcxKoac6kZKm2peBBc=
github.com/golang/glog v1.2.4/go.mod h1:6AhwSGph0fcJtXVM/PEHPqZlFeoLxhs7/t5UDAwmO+w=
github.com/google/go-cmp v0.6.0/go.mod h1:17dUlkBOakJ0+DkrSSNjCkIjxS6bF9zb3elmeNGIjoY=
